<Solution>
  <Project Path="ApiGateway/ApiGateway.csproj" Id="ef982010-cc3b-463e-8cda-1173871d0df2" />
  <Project Path="docker-compose.dcproj">
    <Build />
  </Project>
  <Project Path="NotificationService/NotificationService.csproj" />
  <Project Path="OrdersService/OrdersService.csproj" />
  <Project Path="Shared/Shared.csproj" />
</Solution>
